// !$*UTF8*$!
{
	archiveVersion = 1;
	classes = {
	};
	objectVersion = 52;
	objects = {

/* Begin PBXBuildFile section */
		0883F5107B66AA7E69AB4855 /* Pods_flixster.framework in Frameworks */ = {isa = PBXBuildFile; fileRef = 8BFFAA378F98C8340750E5D6 /* Pods_flixster.framework */; };
		44E7BB77162E9333D9DC7716 /* Pods_flixster_flixsterUITests.framework in Frameworks */ = {isa = PBXBuildFile; fileRef = A09EB85510888434FDBAB22F /* Pods_flixster_flixsterUITests.framework */; };
		5B26651B26FD0E0A006C207D /* MovieGridCell.swift in Sources */ = {isa = PBXBuildFile; fileRef = 5B26651A26FD0E0A006C207D /* MovieGridCell.swift */; };
		5B8DD9CB26F41F5000358CB1 /* AppDelegate.swift in Sources */ = {isa = PBXBuildFile; fileRef = 5B8DD9CA26F41F5000358CB1 /* AppDelegate.swift */; };
		5B8DD9CD26F41F5000358CB1 /* SceneDelegate.swift in Sources */ = {isa = PBXBuildFile; fileRef = 5B8DD9CC26F41F5000358CB1 /* SceneDelegate.swift */; };
		5B8DD9D226F41F5000358CB1 /* Main.storyboard in Resources */ = {isa = PBXBuildFile; fileRef = 5B8DD9D026F41F5000358CB1 /* Main.storyboard */; };
		5B8DD9D426F41F5100358CB1 /* Assets.xcassets in Resources */ = {isa = PBXBuildFile; fileRef = 5B8DD9D326F41F5100358CB1 /* Assets.xcassets */; };
		5B8DD9D726F41F5100358CB1 /* LaunchScreen.storyboard in Resources */ = {isa = PBXBuildFile; fileRef = 5B8DD9D526F41F5100358CB1 /* LaunchScreen.storyboard */; };
		5B8DD9E226F41F5100358CB1 /* flixsterTests.swift in Sources */ = {isa = PBXBuildFile; fileRef = 5B8DD9E126F41F5100358CB1 /* flixsterTests.swift */; };
		5B8DD9ED26F41F5100358CB1 /* flixsterUITests.swift in Sources */ = {isa = PBXBuildFile; fileRef = 5B8DD9EC26F41F5100358CB1 /* flixsterUITests.swift */; };
		5B8DD9FE26F424DB00358CB1 /* MoviesViewController.swift in Sources */ = {isa = PBXBuildFile; fileRef = 5B8DD9FD26F424DB00358CB1 /* MoviesViewController.swift */; };
		5B8DDA0B26F42AF000358CB1 /* MovieCell.swift in Sources */ = {isa = PBXBuildFile; fileRef = 5B8DDA0A26F42AF000358CB1 /* MovieCell.swift */; };
		5B8DDA1426F42EE200358CB1 /* AlamofireImage in Frameworks */ = {isa = PBXBuildFile; productRef = 5B8DDA1326F42EE200358CB1 /* AlamofireImage */; };
		5BFBDF1526FACCDB00183E81 /* MoviesDetailsViewController.swift in Sources */ = {isa = PBXBuildFile; fileRef = 5BFBDF1426FACCDB00183E81 /* MoviesDetailsViewController.swift */; };
		5BFBDF1726FAD78900183E81 /* MovieGridViewController.swift in Sources */ = {isa = PBXBuildFile; fileRef = 5BFBDF1626FAD78900183E81 /* MovieGridViewController.swift */; };
		BA92A27F3A58E1E318BC5565 /* Pods_flixsterTests.framework in Frameworks */ = {isa = PBXBuildFile; fileRef = B4DECCBEA3746009A9C6167E /* Pods_flixsterTests.framework */; };
/* End PBXBuildFile section */

/* Begin PBXContainerItemProxy section */
		5B8DD9DE26F41F5100358CB1 /* PBXContainerItemProxy */ = {
			isa = PBXContainerItemProxy;
			containerPortal = 5B8DD9BF26F41F5000358CB1 /* Project object */;
			proxyType = 1;
			remoteGlobalIDString = 5B8DD9C626F41F5000358CB1;
			remoteInfo = flixster;
		};
		5B8DD9E926F41F5100358CB1 /* PBXContainerItemProxy */ = {
			isa = PBXContainerItemProxy;
			containerPortal = 5B8DD9BF26F41F5000358CB1 /* Project object */;
			proxyType = 1;
			remoteGlobalIDString = 5B8DD9C626F41F5000358CB1;
			remoteInfo = flixster;
		};
/* End PBXContainerItemProxy section */

/* Begin PBXFileReference section */
		46078A519B6C3E49050954B7 /* Pods-flixster.release.xcconfig */ = {isa = PBXFileReference; includeInIndex = 1; lastKnownFileType = text.xcconfig; name = "Pods-flixster.release.xcconfig"; path = "Target Support Files/Pods-flixster/Pods-flixster.release.xcconfig"; sourceTree = "<group>"; };
		5656FC2006F0DD3EF8438A6E /* Pods-flixster.debug.xcconfig */ = {isa = PBXFileReference; includeInIndex = 1; lastKnownFileType = text.xcconfig; name = "Pods-flixster.debug.xcconfig"; path = "Target Support Files/Pods-flixster/Pods-flixster.debug.xcconfig"; sourceTree = "<group>"; };
		5B26651A26FD0E0A006C207D /* MovieGridCell.swift */ = {isa = PBXFileReference; lastKnownFileType = sourcecode.swift; path = MovieGridCell.swift; sourceTree = "<group>"; };
		5B8DD9C726F41F5000358CB1 /* flixster.app */ = {isa = PBXFileReference; explicitFileType = wrapper.application; includeInIndex = 0; path = flixster.app; sourceTree = BUILT_PRODUCTS_DIR; };
		5B8DD9CA26F41F5000358CB1 /* AppDelegate.swift */ = {isa = PBXFileReference; lastKnownFileType = sourcecode.swift; path = AppDelegate.swift; sourceTree = "<group>"; };
		5B8DD9CC26F41F5000358CB1 /* SceneDelegate.swift */ = {isa = PBXFileReference; lastKnownFileType = sourcecode.swift; path = SceneDelegate.swift; sourceTree = "<group>"; };
		5B8DD9D126F41F5000358CB1 /* Base */ = {isa = PBXFileReference; lastKnownFileType = file.storyboard; name = Base; path = Base.lproj/Main.storyboard; sourceTree = "<group>"; };
		5B8DD9D326F41F5100358CB1 /* Assets.xcassets */ = {isa = PBXFileReference; lastKnownFileType = folder.assetcatalog; path = Assets.xcassets; sourceTree = "<group>"; };
		5B8DD9D626F41F5100358CB1 /* Base */ = {isa = PBXFileReference; lastKnownFileType = file.storyboard; name = Base; path = Base.lproj/LaunchScreen.storyboard; sourceTree = "<group>"; };
		5B8DD9D826F41F5100358CB1 /* Info.plist */ = {isa = PBXFileReference; lastKnownFileType = text.plist.xml; path = Info.plist; sourceTree = "<group>"; };
		5B8DD9DD26F41F5100358CB1 /* flixsterTests.xctest */ = {isa = PBXFileReference; explicitFileType = wrapper.cfbundle; includeInIndex = 0; path = flixsterTests.xctest; sourceTree = BUILT_PRODUCTS_DIR; };
		5B8DD9E126F41F5100358CB1 /* flixsterTests.swift */ = {isa = PBXFileReference; lastKnownFileType = sourcecode.swift; path = flixsterTests.swift; sourceTree = "<group>"; };
		5B8DD9E326F41F5100358CB1 /* Info.plist */ = {isa = PBXFileReference; lastKnownFileType = text.plist.xml; path = Info.plist; sourceTree = "<group>"; };
		5B8DD9E826F41F5100358CB1 /* flixsterUITests.xctest */ = {isa = PBXFileReference; explicitFileType = wrapper.cfbundle; includeInIndex = 0; path = flixsterUITests.xctest; sourceTree = BUILT_PRODUCTS_DIR; };
		5B8DD9EC26F41F5100358CB1 /* flixsterUITests.swift */ = {isa = PBXFileReference; lastKnownFileType = sourcecode.swift; path = flixsterUITests.swift; sourceTree = "<group>"; };
		5B8DD9EE26F41F5100358CB1 /* Info.plist */ = {isa = PBXFileReference; lastKnownFileType = text.plist.xml; path = Info.plist; sourceTree = "<group>"; };
		5B8DD9FD26F424DB00358CB1 /* MoviesViewController.swift */ = {isa = PBXFileReference; lastKnownFileType = sourcecode.swift; path = MoviesViewController.swift; sourceTree = "<group>"; };
		5B8DDA0A26F42AF000358CB1 /* MovieCell.swift */ = {isa = PBXFileReference; lastKnownFileType = sourcecode.swift; path = MovieCell.swift; sourceTree = "<group>"; };
		5BFBDF1426FACCDB00183E81 /* MoviesDetailsViewController.swift */ = {isa = PBXFileReference; lastKnownFileType = sourcecode.swift; path = MoviesDetailsViewController.swift; sourceTree = "<group>"; };
		5BFBDF1626FAD78900183E81 /* MovieGridViewController.swift */ = {isa = PBXFileReference; lastKnownFileType = sourcecode.swift; path = MovieGridViewController.swift; sourceTree = "<group>"; };
		8B2B133D9325775CC179AC9E /* Pods-flixster-flixsterUITests.release.xcconfig */ = {isa = PBXFileReference; includeInIndex = 1; lastKnownFileType = text.xcconfig; name = "Pods-flixster-flixsterUITests.release.xcconfig"; path = "Target Support Files/Pods-flixster-flixsterUITests/Pods-flixster-flixsterUITests.release.xcconfig"; sourceTree = "<group>"; };
		8BFFAA378F98C8340750E5D6 /* Pods_flixster.framework */ = {isa = PBXFileReference; explicitFileType = wrapper.framework; includeInIndex = 0; path = Pods_flixster.framework; sourceTree = BUILT_PRODUCTS_DIR; };
		8E5BFE9850C820631C937066 /* Pods-flixster-flixsterUITests.debug.xcconfig */ = {isa = PBXFileReference; includeInIndex = 1; lastKnownFileType = text.xcconfig; name = "Pods-flixster-flixsterUITests.debug.xcconfig"; path = "Target Support Files/Pods-flixster-flixsterUITests/Pods-flixster-flixsterUITests.debug.xcconfig"; sourceTree = "<group>"; };
		9C175D7FE01ADC20E47AED31 /* Pods-flixsterTests.release.xcconfig */ = {isa = PBXFileReference; includeInIndex = 1; lastKnownFileType = text.xcconfig; name = "Pods-flixsterTests.release.xcconfig"; path = "Target Support Files/Pods-flixsterTests/Pods-flixsterTests.release.xcconfig"; sourceTree = "<group>"; };
		A09EB85510888434FDBAB22F /* Pods_flixster_flixsterUITests.framework */ = {isa = PBXFileReference; explicitFileType = wrapper.framework; includeInIndex = 0; path = Pods_flixster_flixsterUITests.framework; sourceTree = BUILT_PRODUCTS_DIR; };
		B4DECCBEA3746009A9C6167E /* Pods_flixsterTests.framework */ = {isa = PBXFileReference; explicitFileType = wrapper.framework; includeInIndex = 0; path = Pods_flixsterTests.framework; sourceTree = BUILT_PRODUCTS_DIR; };
		FBA94774CED14FDF1E3B2F72 /* Pods-flixsterTests.debug.xcconfig */ = {isa = PBXFileReference; includeInIndex = 1; lastKnownFileType = text.xcconfig; name = "Pods-flixsterTests.debug.xcconfig"; path = "Target Support Files/Pods-flixsterTests/Pods-flixsterTests.debug.xcconfig"; sourceTree = "<group>"; };
/* End PBXFileReference section */

/* Begin PBXFrameworksBuildPhase section */
		5B8DD9C426F41F5000358CB1 /* Frameworks */ = {
			isa = PBXFrameworksBuildPhase;
			buildActionMask = 2147483647;
			files = (
				5B8DDA1426F42EE200358CB1 /* AlamofireImage in Frameworks */,
				0883F5107B66AA7E69AB4855 /* Pods_flixster.framework in Frameworks */,
			);
			runOnlyForDeploymentPostprocessing = 0;
		};
		5B8DD9DA26F41F5100358CB1 /* Frameworks */ = {
			isa = PBXFrameworksBuildPhase;
			buildActionMask = 2147483647;
			files = (
				BA92A27F3A58E1E318BC5565 /* Pods_flixsterTests.framework in Frameworks */,
			);
			runOnlyForDeploymentPostprocessing = 0;
		};
		5B8DD9E526F41F5100358CB1 /* Frameworks */ = {
			isa = PBXFrameworksBuildPhase;
			buildActionMask = 2147483647;
			files = (
				44E7BB77162E9333D9DC7716 /* Pods_flixster_flixsterUITests.framework in Frameworks */,
			);
			runOnlyForDeploymentPostprocessing = 0;
		};
/* End PBXFrameworksBuildPhase section */

/* Begin PBXGroup section */
		5B8DD9BE26F41F5000358CB1 = {
			isa = PBXGroup;
			children = (
				5B8DD9C926F41F5000358CB1 /* flixster */,
				5B8DD9E026F41F5100358CB1 /* flixsterTests */,
				5B8DD9EB26F41F5100358CB1 /* flixsterUITests */,
				5B8DD9C826F41F5000358CB1 /* Products */,
				FA9E9FA32B480CD8C0DBE3CF /* Pods */,
				7FE8B608F260814DD07F9677 /* Frameworks */,
			);
			sourceTree = "<group>";
		};
		5B8DD9C826F41F5000358CB1 /* Products */ = {
			isa = PBXGroup;
			children = (
				5B8DD9C726F41F5000358CB1 /* flixster.app */,
				5B8DD9DD26F41F5100358CB1 /* flixsterTests.xctest */,
				5B8DD9E826F41F5100358CB1 /* flixsterUITests.xctest */,
			);
			name = Products;
			sourceTree = "<group>";
		};
		5B8DD9C926F41F5000358CB1 /* flixster */ = {
			isa = PBXGroup;
			children = (
				5B8DD9CA26F41F5000358CB1 /* AppDelegate.swift */,
				5B8DD9CC26F41F5000358CB1 /* SceneDelegate.swift */,
				5B8DD9D026F41F5000358CB1 /* Main.storyboard */,
				5B8DD9D326F41F5100358CB1 /* Assets.xcassets */,
				5B8DD9D526F41F5100358CB1 /* LaunchScreen.storyboard */,
				5B8DD9D826F41F5100358CB1 /* Info.plist */,
				5B8DD9FD26F424DB00358CB1 /* MoviesViewController.swift */,
				5B8DDA0A26F42AF000358CB1 /* MovieCell.swift */,
				5BFBDF1426FACCDB00183E81 /* MoviesDetailsViewController.swift */,
				5BFBDF1626FAD78900183E81 /* MovieGridViewController.swift */,
				5B26651A26FD0E0A006C207D /* MovieGridCell.swift */,
			);
			path = flixster;
			sourceTree = "<group>";
		};
		5B8DD9E026F41F5100358CB1 /* flixsterTests */ = {
			isa = PBXGroup;
			children = (
				5B8DD9E126F41F5100358CB1 /* flixsterTests.swift */,
				5B8DD9E326F41F5100358CB1 /* Info.plist */,
			);
			path = flixsterTests;
			sourceTree = "<group>";
		};
		5B8DD9EB26F41F5100358CB1 /* flixsterUITests */ = {
			isa = PBXGroup;
			children = (
				5B8DD9EC26F41F5100358CB1 /* flixsterUITests.swift */,
				5B8DD9EE26F41F5100358CB1 /* Info.plist */,
			);
			path = flixsterUITests;
			sourceTree = "<group>";
		};
		7FE8B608F260814DD07F9677 /* Frameworks */ = {
			isa = PBXGroup;
			children = (
				8BFFAA378F98C8340750E5D6 /* Pods_flixster.framework */,
				A09EB85510888434FDBAB22F /* Pods_flixster_flixsterUITests.framework */,
				B4DECCBEA3746009A9C6167E /* Pods_flixsterTests.framework */,
			);
			name = Frameworks;
			sourceTree = "<group>";
		};
		FA9E9FA32B480CD8C0DBE3CF /* Pods */ = {
			isa = PBXGroup;
			children = (
				5656FC2006F0DD3EF8438A6E /* Pods-flixster.debug.xcconfig */,
				46078A519B6C3E49050954B7 /* Pods-flixster.release.xcconfig */,
				8E5BFE9850C820631C937066 /* Pods-flixster-flixsterUITests.debug.xcconfig */,
				8B2B133D9325775CC179AC9E /* Pods-flixster-flixsterUITests.release.xcconfig */,
				FBA94774CED14FDF1E3B2F72 /* Pods-flixsterTests.debug.xcconfig */,
				9C175D7FE01ADC20E47AED31 /* Pods-flixsterTests.release.xcconfig */,
			);
			path = Pods;
			sourceTree = "<group>";
		};
/* End PBXGroup section */

/* Begin PBXNativeTarget section */
		5B8DD9C626F41F5000358CB1 /* flixster */ = {
			isa = PBXNativeTarget;
			buildConfigurationList = 5B8DD9F126F41F5100358CB1 /* Build configuration list for PBXNativeTarget "flixster" */;
			buildPhases = (
				F74154F1FAF44B98150C601A /* [CP] Check Pods Manifest.lock */,
				5B8DD9C326F41F5000358CB1 /* Sources */,
				5B8DD9C426F41F5000358CB1 /* Frameworks */,
				5B8DD9C526F41F5000358CB1 /* Resources */,
				0B94B773379E6EF9DE6F6C05 /* [CP] Embed Pods Frameworks */,
			);
			buildRules = (
			);
			dependencies = (
			);
			name = flixster;
			packageProductDependencies = (
				5B8DDA1326F42EE200358CB1 /* AlamofireImage */,
			);
			productName = flixster;
			productReference = 5B8DD9C726F41F5000358CB1 /* flixster.app */;
			productType = "com.apple.product-type.application";
		};
		5B8DD9DC26F41F5100358CB1 /* flixsterTests */ = {
			isa = PBXNativeTarget;
			buildConfigurationList = 5B8DD9F426F41F5100358CB1 /* Build configuration list for PBXNativeTarget "flixsterTests" */;
			buildPhases = (
				B0FEC0B2D9AF583BB5C4FE7F /* [CP] Check Pods Manifest.lock */,
				5B8DD9D926F41F5100358CB1 /* Sources */,
				5B8DD9DA26F41F5100358CB1 /* Frameworks */,
				5B8DD9DB26F41F5100358CB1 /* Resources */,
			);
			buildRules = (
			);
			dependencies = (
				5B8DD9DF26F41F5100358CB1 /* PBXTargetDependency */,
			);
			name = flixsterTests;
			productName = flixsterTests;
			productReference = 5B8DD9DD26F41F5100358CB1 /* flixsterTests.xctest */;
			productType = "com.apple.product-type.bundle.unit-test";
		};
		5B8DD9E726F41F5100358CB1 /* flixsterUITests */ = {
			isa = PBXNativeTarget;
			buildConfigurationList = 5B8DD9F726F41F5100358CB1 /* Build configuration list for PBXNativeTarget "flixsterUITests" */;
			buildPhases = (
				D7EFE4C0B636FADB6A8CB0F7 /* [CP] Check Pods Manifest.lock */,
				5B8DD9E426F41F5100358CB1 /* Sources */,
				5B8DD9E526F41F5100358CB1 /* Frameworks */,
				5B8DD9E626F41F5100358CB1 /* Resources */,
				1AB539E3DEF53E3715154F24 /* [CP] Embed Pods Frameworks */,
			);
			buildRules = (
			);
			dependencies = (
				5B8DD9EA26F41F5100358CB1 /* PBXTargetDependency */,
			);
			name = flixsterUITests;
			productName = flixsterUITests;
			productReference = 5B8DD9E826F41F5100358CB1 /* flixsterUITests.xctest */;
			productType = "com.apple.product-type.bundle.ui-testing";
		};
/* End PBXNativeTarget section */

/* Begin PBXProject section */
		5B8DD9BF26F41F5000358CB1 /* Project object */ = {
			isa = PBXProject;
			attributes = {
				LastSwiftUpdateCheck = 1240;
				LastUpgradeCheck = 1240;
				TargetAttributes = {
					5B8DD9C626F41F5000358CB1 = {
						CreatedOnToolsVersion = 12.4;
					};
					5B8DD9DC26F41F5100358CB1 = {
						CreatedOnToolsVersion = 12.4;
						TestTargetID = 5B8DD9C626F41F5000358CB1;
					};
					5B8DD9E726F41F5100358CB1 = {
						CreatedOnToolsVersion = 12.4;
						TestTargetID = 5B8DD9C626F41F5000358CB1;
					};
				};
			};
			buildConfigurationList = 5B8DD9C226F41F5000358CB1 /* Build configuration list for PBXProject "flixster" */;
			compatibilityVersion = "Xcode 9.3";
			developmentRegion = en;
			hasScannedForEncodings = 0;
			knownRegions = (
				en,
				Base,
			);
			mainGroup = 5B8DD9BE26F41F5000358CB1;
			packageReferences = (
				5B8DDA1226F42EE200358CB1 /* XCRemoteSwiftPackageReference "AlamofireImage" */,
			);
			productRefGroup = 5B8DD9C826F41F5000358CB1 /* Products */;
			projectDirPath = "";
			projectRoot = "";
			targets = (
				5B8DD9C626F41F5000358CB1 /* flixster */,
				5B8DD9DC26F41F5100358CB1 /* flixsterTests */,
				5B8DD9E726F41F5100358CB1 /* flixsterUITests */,
			);
		};
/* End PBXProject section */

/* Begin PBXResourcesBuildPhase section */
		5B8DD9C526F41F5000358CB1 /* Resources */ = {
			isa = PBXResourcesBuildPhase;
			buildActionMask = 2147483647;
			files = (
				5B8DD9D726F41F5100358CB1 /* LaunchScreen.storyboard in Resources */,
				5B8DD9D426F41F5100358CB1 /* Assets.xcassets in Resources */,
				5B8DD9D226F41F5000358CB1 /* Main.storyboard in Resources */,
			);
			runOnlyForDeploymentPostprocessing = 0;
		};
		5B8DD9DB26F41F5100358CB1 /* Resources */ = {
			isa = PBXResourcesBuildPhase;
			buildActionMask = 2147483647;
			files = (
			);
			runOnlyForDeploymentPostprocessing = 0;
		};
		5B8DD9E626F41F5100358CB1 /* Resources */ = {
			isa = PBXResourcesBuildPhase;
			buildActionMask = 2147483647;
			files = (
			);
			runOnlyForDeploymentPostprocessing = 0;
		};
/* End PBXResourcesBuildPhase section */

/* Begin PBXShellScriptBuildPhase section */
		0B94B773379E6EF9DE6F6C05 /* [CP] Embed Pods Frameworks */ = {
			isa = PBXShellScriptBuildPhase;
			buildActionMask = 2147483647;
			files = (
			);
			inputFileListPaths = (
				"${PODS_ROOT}/Target Support Files/Pods-flixster/Pods-flixster-frameworks-${CONFIGURATION}-input-files.xcfilelist",
			);
			name = "[CP] Embed Pods Frameworks";
			outputFileListPaths = (
				"${PODS_ROOT}/Target Support Files/Pods-flixster/Pods-flixster-frameworks-${CONFIGURATION}-output-files.xcfilelist",
			);
			runOnlyForDeploymentPostprocessing = 0;
			shellPath = /bin/sh;
			shellScript = "\"${PODS_ROOT}/Target Support Files/Pods-flixster/Pods-flixster-frameworks.sh\"\n";
			showEnvVarsInLog = 0;
		};
		1AB539E3DEF53E3715154F24 /* [CP] Embed Pods Frameworks */ = {
			isa = PBXShellScriptBuildPhase;
			buildActionMask = 2147483647;
			files = (
			);
			inputFileListPaths = (
				"${PODS_ROOT}/Target Support Files/Pods-flixster-flixsterUITests/Pods-flixster-flixsterUITests-frameworks-${CONFIGURATION}-input-files.xcfilelist",
			);
			name = "[CP] Embed Pods Frameworks";
			outputFileListPaths = (
				"${PODS_ROOT}/Target Support Files/Pods-flixster-flixsterUITests/Pods-flixster-flixsterUITests-frameworks-${CONFIGURATION}-output-files.xcfilelist",
			);
			runOnlyForDeploymentPostprocessing = 0;
			shellPath = /bin/sh;
			shellScript = "\"${PODS_ROOT}/Target Support Files/Pods-flixster-flixsterUITests/Pods-flixster-flixsterUITests-frameworks.sh\"\n";
			showEnvVarsInLog = 0;
		};
		B0FEC0B2D9AF583BB5C4FE7F /* [CP] Check Pods Manifest.lock */ = {
			isa = PBXShellScriptBuildPhase;
			buildActionMask = 2147483647;
			files = (
			);
			inputFileListPaths = (
			);
			inputPaths = (
				"${PODS_PODFILE_DIR_PATH}/Podfile.lock",
				"${PODS_ROOT}/Manifest.lock",
			);
			name = "[CP] Check Pods Manifest.lock";
			outputFileListPaths = (
			);
			outputPaths = (
				"$(DERIVED_FILE_DIR)/Pods-flixsterTests-checkManifestLockResult.txt",
			);
			runOnlyForDeploymentPostprocessing = 0;
			shellPath = /bin/sh;
			shellScript = "diff \"${PODS_PODFILE_DIR_PATH}/Podfile.lock\" \"${PODS_ROOT}/Manifest.lock\" > /dev/null\nif [ $? != 0 ] ; then\n    # print error to STDERR\n    echo \"error: The sandbox is not in sync with the Podfile.lock. Run 'pod install' or update your CocoaPods installation.\" >&2\n    exit 1\nfi\n# This output is used by Xcode 'outputs' to avoid re-running this script phase.\necho \"SUCCESS\" > \"${SCRIPT_OUTPUT_FILE_0}\"\n";
			showEnvVarsInLog = 0;
		};
		D7EFE4C0B636FADB6A8CB0F7 /* [CP] Check Pods Manifest.lock */ = {
			isa = PBXShellScriptBuildPhase;
			buildActionMask = 2147483647;
			files = (
			);
			inputFileListPaths = (
			);
			inputPaths = (
				"${PODS_PODFILE_DIR_PATH}/Podfile.lock",
				"${PODS_ROOT}/Manifest.lock",
			);
			name = "[CP] Check Pods Manifest.lock";
			outputFileListPaths = (
			);
			outputPaths = (
				"$(DERIVED_FILE_DIR)/Pods-flixster-flixsterUITests-checkManifestLockResult.txt",
			);
			runOnlyForDeploymentPostprocessing = 0;
			shellPath = /bin/sh;
			shellScript = "diff \"${PODS_PODFILE_DIR_PATH}/Podfile.lock\" \"${PODS_ROOT}/Manifest.lock\" > /dev/null\nif [ $? != 0 ] ; then\n    # print error to STDERR\n    echo \"error: The sandbox is not in sync with the Podfile.lock. Run 'pod install' or update your CocoaPods installation.\" >&2\n    exit 1\nfi\n# This output is used by Xcode 'outputs' to avoid re-running this script phase.\necho \"SUCCESS\" > \"${SCRIPT_OUTPUT_FILE_0}\"\n";
			showEnvVarsInLog = 0;
		};
		F74154F1FAF44B98150C601A /* [CP] Check Pods Manifest.lock */ = {
			isa = PBXShellScriptBuildPhase;
			buildActionMask = 2147483647;
			files = (
			);
			inputFileListPaths = (
			);
			inputPaths = (
				"${PODS_PODFILE_DIR_PATH}/Podfile.lock",
				"${PODS_ROOT}/Manifest.lock",
			);
			name = "[CP] Check Pods Manifest.lock";
			outputFileListPaths = (
			);
			outputPaths = (
				"$(DERIVED_FILE_DIR)/Pods-flixster-checkManifestLockResult.txt",
			);
			runOnlyForDeploymentPostprocessing = 0;
			shellPath = /bin/sh;
			shellScript = "diff \"${PODS_PODFILE_DIR_PATH}/Podfile.lock\" \"${PODS_ROOT}/Manifest.lock\" > /dev/null\nif [ $? != 0 ] ; then\n    # print error to STDERR\n    echo \"error: The sandbox is not in sync with the Podfile.lock. Run 'pod install' or update your CocoaPods installation.\" >&2\n    exit 1\nfi\n# This output is used by Xcode 'outputs' to avoid re-running this script phase.\necho \"SUCCESS\" > \"${SCRIPT_OUTPUT_FILE_0}\"\n";
			showEnvVarsInLog = 0;
		};
/* End PBXShellScriptBuildPhase section */

/* Begin PBXSourcesBuildPhase section */
		5B8DD9C326F41F5000358CB1 /* Sources */ = {
			isa = PBXSourcesBuildPhase;
			buildActionMask = 2147483647;
			files = (
				5B8DD9CB26F41F5000358CB1 /* AppDelegate.swift in Sources */,
				5B8DD9CD26F41F5000358CB1 /* SceneDelegate.swift in Sources */,
				5B8DDA0B26F42AF000358CB1 /* MovieCell.swift in Sources */,
				5BFBDF1526FACCDB00183E81 /* MoviesDetailsViewController.swift in Sources */,
				5B8DD9FE26F424DB00358CB1 /* MoviesViewController.swift in Sources */,
				5BFBDF1726FAD78900183E81 /* MovieGridViewController.swift in Sources */,
				5B26651B26FD0E0A006C207D /* MovieGridCell.swift in Sources */,
			);
			runOnlyForDeploymentPostprocessing = 0;
		};
		5B8DD9D926F41F5100358CB1 /* Sources */ = {
			isa = PBXSourcesBuildPhase;
			buildActionMask = 2147483647;
			files = (
				5B8DD9E226F41F5100358CB1 /* flixsterTests.swift in Sources */,
			);
			runOnlyForDeploymentPostprocessing = 0;
		};
		5B8DD9E426F41F5100358CB1 /* Sources */ = {
			isa = PBXSourcesBuildPhase;
			buildActionMask = 2147483647;
			files = (
				5B8DD9ED26F41F5100358CB1 /* flixsterUITests.swift in Sources */,
			);
			runOnlyForDeploymentPostprocessing = 0;
		};
/* End PBXSourcesBuildPhase section */

/* Begin PBXTargetDependency section */
		5B8DD9DF26F41F5100358CB1 /* PBXTargetDependency */ = {
			isa = PBXTargetDependency;
			target = 5B8DD9C626F41F5000358CB1 /* flixster */;
			targetProxy = 5B8DD9DE26F41F5100358CB1 /* PBXContainerItemProxy */;
		};
		5B8DD9EA26F41F5100358CB1 /* PBXTargetDependency */ = {
			isa = PBXTargetDependency;
			target = 5B8DD9C626F41F5000358CB1 /* flixster */;
			targetProxy = 5B8DD9E926F41F5100358CB1 /* PBXContainerItemProxy */;
		};
/* End PBXTargetDependency section */

/* Begin PBXVariantGroup section */
		5B8DD9D026F41F5000358CB1 /* Main.storyboard */ = {
			isa = PBXVariantGroup;
			children = (
				5B8DD9D126F41F5000358CB1 /* Base */,
			);
			name = Main.storyboard;
			sourceTree = "<group>";
		};
		5B8DD9D526F41F5100358CB1 /* LaunchScreen.storyboard */ = {
			isa = PBXVariantGroup;
			children = (
				5B8DD9D626F41F5100358CB1 /* Base */,
			);
			name = LaunchScreen.storyboard;
			sourceTree = "<group>";
		};
/* End PBXVariantGroup section */

/* Begin XCBuildConfiguration section */
		5B8DD9EF26F41F5100358CB1 /* Debug */ = {
			isa = XCBuildConfiguration;
			buildSettings = {
				ALWAYS_SEARCH_USER_PATHS = NO;
				CLANG_ANALYZER_NONNULL = YES;
				CLANG_ANALYZER_NUMBER_OBJECT_CONVERSION = YES_AGGRESSIVE;
				CLANG_CXX_LANGUAGE_STANDARD = "gnu++14";
				CLANG_CXX_LIBRARY = "libc++";
				CLANG_ENABLE_MODULES = YES;
				CLANG_ENABLE_OBJC_ARC = YES;
				CLANG_ENABLE_OBJC_WEAK = YES;
				CLANG_WARN_BLOCK_CAPTURE_AUTORELEASING = YES;
				CLANG_WARN_BOOL_CONVERSION = YES;
				CLANG_WARN_COMMA = YES;
				CLANG_WARN_CONSTANT_CONVERSION = YES;
				CLANG_WARN_DEPRECATED_OBJC_IMPLEMENTATIONS = YES;
				CLANG_WARN_DIRECT_OBJC_ISA_USAGE = YES_ERROR;
				CLANG_WARN_DOCUMENTATION_COMMENTS = YES;
				CLANG_WARN_EMPTY_BODY = YES;
				CLANG_WARN_ENUM_CONVERSION = YES;
				CLANG_WARN_INFINITE_RECURSION = YES;
				CLANG_WARN_INT_CONVERSION = YES;
				CLANG_WARN_NON_LITERAL_NULL_CONVERSION = YES;
				CLANG_WARN_OBJC_IMPLICIT_RETAIN_SELF = YES;
				CLANG_WARN_OBJC_LITERAL_CONVERSION = YES;
				CLANG_WARN_OBJC_ROOT_CLASS = YES_ERROR;
				CLANG_WARN_QUOTED_INCLUDE_IN_FRAMEWORK_HEADER = YES;
				CLANG_WARN_RANGE_LOOP_ANALYSIS = YES;
				CLANG_WARN_STRICT_PROTOTYPES = YES;
				CLANG_WARN_SUSPICIOUS_MOVE = YES;
				CLANG_WARN_UNGUARDED_AVAILABILITY = YES_AGGRESSIVE;
				CLANG_WARN_UNREACHABLE_CODE = YES;
				CLANG_WARN__DUPLICATE_METHOD_MATCH = YES;
				COPY_PHASE_STRIP = NO;
				DEBUG_INFORMATION_FORMAT = dwarf;
				ENABLE_STRICT_OBJC_MSGSEND = YES;
				ENABLE_TESTABILITY = YES;
				GCC_C_LANGUAGE_STANDARD = gnu11;
				GCC_DYNAMIC_NO_PIC = NO;
				GCC_NO_COMMON_BLOCKS = YES;
				GCC_OPTIMIZATION_LEVEL = 0;
				GCC_PREPROCESSOR_DEFINITIONS = (
					"DEBUG=1",
					"$(inherited)",
				);
				GCC_WARN_64_TO_32_BIT_CONVERSION = YES;
				GCC_WARN_ABOUT_RETURN_TYPE = YES_ERROR;
				GCC_WARN_UNDECLARED_SELECTOR = YES;
				GCC_WARN_UNINITIALIZED_AUTOS = YES_AGGRESSIVE;
				GCC_WARN_UNUSED_FUNCTION = YES;
				GCC_WARN_UNUSED_VARIABLE = YES;
				IPHONEOS_DEPLOYMENT_TARGET = 14.4;
				MTL_ENABLE_DEBUG_INFO = INCLUDE_SOURCE;
				MTL_FAST_MATH = YES;
				ONLY_ACTIVE_ARCH = YES;
				SDKROOT = iphoneos;
				SWIFT_ACTIVE_COMPILATION_CONDITIONS = DEBUG;
				SWIFT_OPTIMIZATION_LEVEL = "-Onone";
			};
			name = Debug;
		};
		5B8DD9F026F41F5100358CB1 /* Release */ = {
			isa = XCBuildConfiguration;
			buildSettings = {
				ALWAYS_SEARCH_USER_PATHS = NO;
				CLANG_ANALYZER_NONNULL = YES;
				CLANG_ANALYZER_NUMBER_OBJECT_CONVERSION = YES_AGGRESSIVE;
				CLANG_CXX_LANGUAGE_STANDARD = "gnu++14";
				CLANG_CXX_LIBRARY = "libc++";
				CLANG_ENABLE_MODULES = YES;
				CLANG_ENABLE_OBJC_ARC = YES;
				CLANG_ENABLE_OBJC_WEAK = YES;
				CLANG_WARN_BLOCK_CAPTURE_AUTORELEASING = YES;
				CLANG_WARN_BOOL_CONVERSION = YES;
				CLANG_WARN_COMMA = YES;
				CLANG_WARN_CONSTANT_CONVERSION = YES;
				CLANG_WARN_DEPRECATED_OBJC_IMPLEMENTATIONS = YES;
				CLANG_WARN_DIRECT_OBJC_ISA_USAGE = YES_ERROR;
				CLANG_WARN_DOCUMENTATION_COMMENTS = YES;
				CLANG_WARN_EMPTY_BODY = YES;
				CLANG_WARN_ENUM_CONVERSION = YES;
				CLANG_WARN_INFINITE_RECURSION = YES;
				CLANG_WARN_INT_CONVERSION = YES;
				CLANG_WARN_NON_LITERAL_NULL_CONVERSION = YES;
				CLANG_WARN_OBJC_IMPLICIT_RETAIN_SELF = YES;
				CLANG_WARN_OBJC_LITERAL_CONVERSION = YES;
				CLANG_WARN_OBJC_ROOT_CLASS = YES_ERROR;
				CLANG_WARN_QUOTED_INCLUDE_IN_FRAMEWORK_HEADER = YES;
				CLANG_WARN_RANGE_LOOP_ANALYSIS = YES;
				CLANG_WARN_STRICT_PROTOTYPES = YES;
				CLANG_WARN_SUSPICIOUS_MOVE = YES;
				CLANG_WARN_UNGUARDED_AVAILABILITY = YES_AGGRESSIVE;
				CLANG_WARN_UNREACHABLE_CODE = YES;
				CLANG_WARN__DUPLICATE_METHOD_MATCH = YES;
				COPY_PHASE_STRIP = NO;
				DEBUG_INFORMATION_FORMAT = "dwarf-with-dsym";
				ENABLE_NS_ASSERTIONS = NO;
				ENABLE_STRICT_OBJC_MSGSEND = YES;
				GCC_C_LANGUAGE_STANDARD = gnu11;
				GCC_NO_COMMON_BLOCKS = YES;
				GCC_WARN_64_TO_32_BIT_CONVERSION = YES;
				GCC_WARN_ABOUT_RETURN_TYPE = YES_ERROR;
				GCC_WARN_UNDECLARED_SELECTOR = YES;
				GCC_WARN_UNINITIALIZED_AUTOS = YES_AGGRESSIVE;
				GCC_WARN_UNUSED_FUNCTION = YES;
				GCC_WARN_UNUSED_VARIABLE = YES;
				IPHONEOS_DEPLOYMENT_TARGET = 14.4;
				MTL_ENABLE_DEBUG_INFO = NO;
				MTL_FAST_MATH = YES;
				SDKROOT = iphoneos;
				SWIFT_COMPILATION_MODE = wholemodule;
				SWIFT_OPTIMIZATION_LEVEL = "-O";
				VALIDATE_PRODUCT = YES;
			};
			name = Release;
		};
		5B8DD9F226F41F5100358CB1 /* Debug */ = {
			isa = XCBuildConfiguration;
			baseConfigurationReference = 5656FC2006F0DD3EF8438A6E /* Pods-flixster.debug.xcconfig */;
			buildSettings = {
				ASSETCATALOG_COMPILER_APPICON_NAME = AppIcon;
				ASSETCATALOG_COMPILER_GLOBAL_ACCENT_COLOR_NAME = AccentColor;
				CODE_SIGN_STYLE = Automatic;
				DEVELOPMENT_TEAM = 75N29X5TFV;
				INFOPLIST_FILE = flixster/Info.plist;
				LD_RUNPATH_SEARCH_PATHS = (
					"$(inherited)",
					"@executable_path/Frameworks",
				);
				PRODUCT_BUNDLE_IDENTIFIER = com.samuelwu.flixster;
				PRODUCT_NAME = "$(TARGET_NAME)";
				SWIFT_VERSION = 5.0;
				TARGETED_DEVICE_FAMILY = "1,2";
			};
			name = Debug;
		};
		5B8DD9F326F41F5100358CB1 /* Release */ = {
			isa = XCBuildConfiguration;
			baseConfigurationReference = 46078A519B6C3E49050954B7 /* Pods-flixster.release.xcconfig */;
			buildSettings = {
				ASSETCATALOG_COMPILER_APPICON_NAME = AppIcon;
				ASSETCATALOG_COMPILER_GLOBAL_ACCENT_COLOR_NAME = AccentColor;
				CODE_SIGN_STYLE = Automatic;
				DEVELOPMENT_TEAM = 75N29X5TFV;
				INFOPLIST_FILE = flixster/Info.plist;
				LD_RUNPATH_SEARCH_PATHS = (
					"$(inherited)",
					"@executable_path/Frameworks",
				);
				PRODUCT_BUNDLE_IDENTIFIER = com.samuelwu.flixster;
				PRODUCT_NAME = "$(TARGET_NAME)";
				SWIFT_VERSION = 5.0;
				TARGETED_DEVICE_FAMILY = "1,2";
			};
			name = Release;
		};
		5B8DD9F526F41F5100358CB1 /* Debug */ = {
			isa = XCBuildConfiguration;
			baseConfigurationReference = FBA94774CED14FDF1E3B2F72 /* Pods-flixsterTests.debug.xcconfig */;
			buildSettings = {
				ALWAYS_EMBED_SWIFT_STANDARD_LIBRARIES = YES;
				BUNDLE_LOADER = "$(TEST_HOST)";
				CODE_SIGN_STYLE = Automatic;
				DEVELOPMENT_TEAM = 75N29X5TFV;
				INFOPLIST_FILE = flixsterTests/Info.plist;
				IPHONEOS_DEPLOYMENT_TARGET = 14.4;
				LD_RUNPATH_SEARCH_PATHS = (
					"$(inherited)",
					"@executable_path/Frameworks",
					"@loader_path/Frameworks",
				);
				PRODUCT_BUNDLE_IDENTIFIER = com.samuelwu.flixsterTests;
				PRODUCT_NAME = "$(TARGET_NAME)";
				SWIFT_VERSION = 5.0;
				TARGETED_DEVICE_FAMILY = "1,2";
				TEST_HOST = "$(BUILT_PRODUCTS_DIR)/flixster.app/flixster";
			};
			name = Debug;
		};
		5B8DD9F626F41F5100358CB1 /* Release */ = {
			isa = XCBuildConfiguration;
			baseConfigurationReference = 9C175D7FE01ADC20E47AED31 /* Pods-flixsterTests.release.xcconfig */;
			buildSettings = {
				ALWAYS_EMBED_SWIFT_STANDARD_LIBRARIES = YES;
				BUNDLE_LOADER = "$(TEST_HOST)";
				CODE_SIGN_STYLE = Automatic;
				DEVELOPMENT_TEAM = 75N29X5TFV;
				INFOPLIST_FILE = flixsterTests/Info.plist;
				IPHONEOS_DEPLOYMENT_TARGET = 14.4;
				LD_RUNPATH_SEARCH_PATHS = (
					"$(inherited)",
					"@executable_path/Frameworks",
					"@loader_path/Frameworks",
				);
				PRODUCT_BUNDLE_IDENTIFIER = com.samuelwu.flixsterTests;
				PRODUCT_NAME = "$(TARGET_NAME)";
				SWIFT_VERSION = 5.0;
				TARGETED_DEVICE_FAMILY = "1,2";
				TEST_HOST = "$(BUILT_PRODUCTS_DIR)/flixster.app/flixster";
			};
			name = Release;
		};
		5B8DD9F826F41F5100358CB1 /* Debug */ = {
			isa = XCBuildConfiguration;
			baseConfigurationReference = 8E5BFE9850C820631C937066 /* Pods-flixster-flixsterUITests.debug.xcconfig */;
			buildSettings = {
				ALWAYS_EMBED_SWIFT_STANDARD_LIBRARIES = YES;
				CODE_SIGN_STYLE = Automatic;
				DEVELOPMENT_TEAM = 75N29X5TFV;
				INFOPLIST_FILE = flixsterUITests/Info.plist;
				LD_RUNPATH_SEARCH_PATHS = (
					"$(inherited)",
					"@executable_path/Frameworks",
					"@loader_path/Frameworks",
				);
				PRODUCT_BUNDLE_IDENTIFIER = com.samuelwu.flixsterUITests;
				PRODUCT_NAME = "$(TARGET_NAME)";
				SWIFT_VERSION = 5.0;
				TARGETED_DEVICE_FAMILY = "1,2";
				TEST_TARGET_NAME = flixster;
			};
			name = Debug;
		};
		5B8DD9F926F41F5100358CB1 /* Release */ = {
			isa = XCBuildConfiguration;
			baseConfigurationReference = 8B2B133D9325775CC179AC9E /* Pods-flixster-flixsterUITests.release.xcconfig */;
			buildSettings = {
				ALWAYS_EMBED_SWIFT_STANDARD_LIBRARIES = YES;
				CODE_SIGN_STYLE = Automatic;
				DEVELOPMENT_TEAM = 75N29X5TFV;
				INFOPLIST_FILE = flixsterUITests/Info.plist;
				LD_RUNPATH_SEARCH_PATHS = (
					"$(inherited)",
					"@executable_path/Frameworks",
					"@loader_path/Frameworks",
				);
				PRODUCT_BUNDLE_IDENTIFIER = com.samuelwu.flixsterUITests;
				PRODUCT_NAME = "$(TARGET_NAME)";
				SWIFT_VERSION = 5.0;
				TARGETED_DEVICE_FAMILY = "1,2";
				TEST_TARGET_NAME = flixster;
			};
			name = Release;
		};
/* End XCBuildConfiguration section */

/* Begin XCConfigurationList section */
		5B8DD9C226F41F5000358CB1 /* Build configuration list for PBXProject "flixster" */ = {
			isa = XCConfigurationList;
			buildConfigurations = (
				5B8DD9EF26F41F5100358CB1 /* Debug */,
				5B8DD9F026F41F5100358CB1 /* Release */,
			);
			defaultConfigurationIsVisible = 0;
			defaultConfigurationName = Release;
		};
		5B8DD9F126F41F5100358CB1 /* Build configuration list for PBXNativeTarget "flixster" */ = {
			isa = XCConfigurationList;
			buildConfigurations = (
				5B8DD9F226F41F5100358CB1 /* Debug */,
				5B8DD9F326F41F5100358CB1 /* Release */,
			);
			defaultConfigurationIsVisible = 0;
			defaultConfigurationName = Release;
		};
		5B8DD9F426F41F5100358CB1 /* Build configuration list for PBXNativeTarget "flixsterTests" */ = {
			isa = XCConfigurationList;
			buildConfigurations = (
				5B8DD9F526F41F5100358CB1 /* Debug */,
				5B8DD9F626F41F5100358CB1 /* Release */,
			);
			defaultConfigurationIsVisible = 0;
			defaultConfigurationName = Release;
		};
		5B8DD9F726F41F5100358CB1 /* Build configuration list for PBXNativeTarget "flixsterUITests" */ = {
			isa = XCConfigurationList;
			buildConfigurations = (
				5B8DD9F826F41F5100358CB1 /* Debug */,
				5B8DD9F926F41F5100358CB1 /* Release */,
			);
			defaultConfigurationIsVisible = 0;
			defaultConfigurationName = Release;
		};
/* End XCConfigurationList section */

/* Begin XCRemoteSwiftPackageReference section */
		5B8DDA1226F42EE200358CB1 /* XCRemoteSwiftPackageReference "AlamofireImage" */ = {
			isa = XCRemoteSwiftPackageReference;
			repositoryURL = "https://github.com/Alamofire/AlamofireImage";
			requirement = {
				kind = upToNextMajorVersion;
				minimumVersion = 4.2.0;
			};
		};
/* End XCRemoteSwiftPackageReference section */

/* Begin XCSwiftPackageProductDependency section */
		5B8DDA1326F42EE200358CB1 /* AlamofireImage */ = {
			isa = XCSwiftPackageProductDependency;
			package = 5B8DDA1226F42EE200358CB1 /* XCRemoteSwiftPackageReference "AlamofireImage" */;
			productName = AlamofireImage;
		};
/* End XCSwiftPackageProductDependency section */
	};
	rootObject = 5B8DD9BF26F41F5000358CB1 /* Project object */;
}
